// !$*UTF8*$!
{
	archiveVersion = 1;
	classes = {
	};
	objectVersion = 56;
	objects = {

/* Begin PBXBuildFile section */
		7E0B53232B2BA94C00CEF07E /* CardView.swift in Sources */ = {isa = PBXBuildFile; fileRef = 7E0B53222B2BA94C00CEF07E /* CardView.swift */; };
		7E0B53252B2BBA5400CEF07E /* TransactionCardView.swift in Sources */ = {isa = PBXBuildFile; fileRef = 7E0B53242B2BBA5400CEF07E /* TransactionCardView.swift */; };
		7E0B53272B2BBE3500CEF07E /* SwipeAction.swift in Sources */ = {isa = PBXBuildFile; fileRef = 7E0B53262B2BBE3500CEF07E /* SwipeAction.swift */; };
		7E0B53292B2BDB9000CEF07E /* DateFilterView.swift in Sources */ = {isa = PBXBuildFile; fileRef = 7E0B53282B2BDB9000CEF07E /* DateFilterView.swift */; };
		7E4D8AB02B2DD1340001113D /* LockView.swift in Sources */ = {isa = PBXBuildFile; fileRef = 7E4D8AAF2B2DD1340001113D /* LockView.swift */; };
		7E7B1C292B2B5035008D3DA7 /* Recents.swift in Sources */ = {isa = PBXBuildFile; fileRef = 7E7B1C282B2B5035008D3DA7 /* Recents.swift */; };
		7E7B1C2B2B2B5055008D3DA7 /* Search.swift in Sources */ = {isa = PBXBuildFile; fileRef = 7E7B1C2A2B2B5055008D3DA7 /* Search.swift */; };
		7E7B1C2D2B2B505E008D3DA7 /* Graphs.swift in Sources */ = {isa = PBXBuildFile; fileRef = 7E7B1C2C2B2B505E008D3DA7 /* Graphs.swift */; };
		7E7B1C2F2B2B506B008D3DA7 /* Settings.swift in Sources */ = {isa = PBXBuildFile; fileRef = 7E7B1C2E2B2B506B008D3DA7 /* Settings.swift */; };
		7EC6B6322B2B8B0700B18BC3 /* View+Extensions.swift in Sources */ = {isa = PBXBuildFile; fileRef = 7EC6B6312B2B8B0700B18BC3 /* View+Extensions.swift */; };
		7EC6B6342B2BA00A00B18BC3 /* Date+Extensions.swift in Sources */ = {isa = PBXBuildFile; fileRef = 7EC6B6332B2BA00A00B18BC3 /* Date+Extensions.swift */; };
		7ECED25A2B2B438300151F1D /* Category.swift in Sources */ = {isa = PBXBuildFile; fileRef = 7ECED2592B2B438300151F1D /* Category.swift */; };
		7ECED25C2B2B441400151F1D /* Transaction.swift in Sources */ = {isa = PBXBuildFile; fileRef = 7ECED25B2B2B441400151F1D /* Transaction.swift */; };
		7ECED25E2B2B450800151F1D /* TintColor.swift in Sources */ = {isa = PBXBuildFile; fileRef = 7ECED25D2B2B450800151F1D /* TintColor.swift */; };
		7ED96AC72B2AF327000BB6D5 /* Expense_TrackerApp.swift in Sources */ = {isa = PBXBuildFile; fileRef = 7ED96AC62B2AF327000BB6D5 /* Expense_TrackerApp.swift */; };
		7ED96AC92B2AF327000BB6D5 /* ContentView.swift in Sources */ = {isa = PBXBuildFile; fileRef = 7ED96AC82B2AF327000BB6D5 /* ContentView.swift */; };
		7ED96ACB2B2AF329000BB6D5 /* Assets.xcassets in Resources */ = {isa = PBXBuildFile; fileRef = 7ED96ACA2B2AF329000BB6D5 /* Assets.xcassets */; };
		7ED96ACE2B2AF329000BB6D5 /* Preview Assets.xcassets in Resources */ = {isa = PBXBuildFile; fileRef = 7ED96ACD2B2AF329000BB6D5 /* Preview Assets.xcassets */; };
		7ED96AD72B2AF39D000BB6D5 /* IntroScreen.swift in Sources */ = {isa = PBXBuildFile; fileRef = 7ED96AD62B2AF39C000BB6D5 /* IntroScreen.swift */; };
		7ED96ADA2B2AF580000BB6D5 /* Constants.swift in Sources */ = {isa = PBXBuildFile; fileRef = 7ED96AD92B2AF580000BB6D5 /* Constants.swift */; };
		7ED96ADC2B2AFB73000BB6D5 /* Tab.swift in Sources */ = {isa = PBXBuildFile; fileRef = 7ED96ADB2B2AFB73000BB6D5 /* Tab.swift */; };
/* End PBXBuildFile section */

/* Begin PBXFileReference section */
		7E0B53222B2BA94C00CEF07E /* CardView.swift */ = {isa = PBXFileReference; lastKnownFileType = sourcecode.swift; path = CardView.swift; sourceTree = "<group>"; };
		7E0B53242B2BBA5400CEF07E /* TransactionCardView.swift */ = {isa = PBXFileReference; lastKnownFileType = sourcecode.swift; path = TransactionCardView.swift; sourceTree = "<group>"; };
		7E0B53262B2BBE3500CEF07E /* SwipeAction.swift */ = {isa = PBXFileReference; lastKnownFileType = sourcecode.swift; path = SwipeAction.swift; sourceTree = "<group>"; };
		7E0B53282B2BDB9000CEF07E /* DateFilterView.swift */ = {isa = PBXFileReference; lastKnownFileType = sourcecode.swift; path = DateFilterView.swift; sourceTree = "<group>"; };
		7E4D8AAF2B2DD1340001113D /* LockView.swift */ = {isa = PBXFileReference; lastKnownFileType = sourcecode.swift; path = LockView.swift; sourceTree = "<group>"; };
		7E4D8AB12B2DE5A80001113D /* Expense-Tracker-Info.plist */ = {isa = PBXFileReference; lastKnownFileType = text.plist; path = "Expense-Tracker-Info.plist"; sourceTree = SOURCE_ROOT; };
		7E7B1C282B2B5035008D3DA7 /* Recents.swift */ = {isa = PBXFileReference; lastKnownFileType = sourcecode.swift; path = Recents.swift; sourceTree = "<group>"; };
		7E7B1C2A2B2B5055008D3DA7 /* Search.swift */ = {isa = PBXFileReference; lastKnownFileType = sourcecode.swift; path = Search.swift; sourceTree = "<group>"; };
		7E7B1C2C2B2B505E008D3DA7 /* Graphs.swift */ = {isa = PBXFileReference; lastKnownFileType = sourcecode.swift; path = Graphs.swift; sourceTree = "<group>"; };
		7E7B1C2E2B2B506B008D3DA7 /* Settings.swift */ = {isa = PBXFileReference; lastKnownFileType = sourcecode.swift; path = Settings.swift; sourceTree = "<group>"; };
		7EC6B6312B2B8B0700B18BC3 /* View+Extensions.swift */ = {isa = PBXFileReference; lastKnownFileType = sourcecode.swift; path = "View+Extensions.swift"; sourceTree = "<group>"; };
		7EC6B6332B2BA00A00B18BC3 /* Date+Extensions.swift */ = {isa = PBXFileReference; lastKnownFileType = sourcecode.swift; path = "Date+Extensions.swift"; sourceTree = "<group>"; };
		7ECED2592B2B438300151F1D /* Category.swift */ = {isa = PBXFileReference; lastKnownFileType = sourcecode.swift; path = Category.swift; sourceTree = "<group>"; };
		7ECED25B2B2B441400151F1D /* Transaction.swift */ = {isa = PBXFileReference; lastKnownFileType = sourcecode.swift; path = Transaction.swift; sourceTree = "<group>"; };
		7ECED25D2B2B450800151F1D /* TintColor.swift */ = {isa = PBXFileReference; lastKnownFileType = sourcecode.swift; path = TintColor.swift; sourceTree = "<group>"; };
		7ED96AC32B2AF327000BB6D5 /* Expense Tracker.app */ = {isa = PBXFileReference; explicitFileType = wrapper.application; includeInIndex = 0; path = "Expense Tracker.app"; sourceTree = BUILT_PRODUCTS_DIR; };
		7ED96AC62B2AF327000BB6D5 /* Expense_TrackerApp.swift */ = {isa = PBXFileReference; lastKnownFileType = sourcecode.swift; path = Expense_TrackerApp.swift; sourceTree = "<group>"; };
		7ED96AC82B2AF327000BB6D5 /* ContentView.swift */ = {isa = PBXFileReference; lastKnownFileType = sourcecode.swift; path = ContentView.swift; sourceTree = "<group>"; };
		7ED96ACA2B2AF329000BB6D5 /* Assets.xcassets */ = {isa = PBXFileReference; lastKnownFileType = folder.assetcatalog; path = Assets.xcassets; sourceTree = "<group>"; };
		7ED96ACD2B2AF329000BB6D5 /* Preview Assets.xcassets */ = {isa = PBXFileReference; lastKnownFileType = folder.assetcatalog; path = "Preview Assets.xcassets"; sourceTree = "<group>"; };
		7ED96AD62B2AF39C000BB6D5 /* IntroScreen.swift */ = {isa = PBXFileReference; lastKnownFileType = sourcecode.swift; path = IntroScreen.swift; sourceTree = "<group>"; };
		7ED96AD92B2AF580000BB6D5 /* Constants.swift */ = {isa = PBXFileReference; lastKnownFileType = sourcecode.swift; path = Constants.swift; sourceTree = "<group>"; };
		7ED96ADB2B2AFB73000BB6D5 /* Tab.swift */ = {isa = PBXFileReference; lastKnownFileType = sourcecode.swift; path = Tab.swift; sourceTree = "<group>"; };
/* End PBXFileReference section */

/* Begin PBXFrameworksBuildPhase section */
		7ED96AC02B2AF327000BB6D5 /* Frameworks */ = {
			isa = PBXFrameworksBuildPhase;
			buildActionMask = 2147483647;
			files = (
			);
			runOnlyForDeploymentPostprocessing = 0;
		};
/* End PBXFrameworksBuildPhase section */

/* Begin PBXGroup section */
		7E0B53212B2BA93A00CEF07E /* Components */ = {
			isa = PBXGroup;
			children = (
				7E0B53222B2BA94C00CEF07E /* CardView.swift */,
				7E0B53242B2BBA5400CEF07E /* TransactionCardView.swift */,
				7E0B53262B2BBE3500CEF07E /* SwipeAction.swift */,
				7E0B53282B2BDB9000CEF07E /* DateFilterView.swift */,
				7E4D8AAF2B2DD1340001113D /* LockView.swift */,
			);
			path = Components;
			sourceTree = "<group>";
		};
		7E7B1C272B2B500C008D3DA7 /* TabViews */ = {
			isa = PBXGroup;
			children = (
				7E7B1C282B2B5035008D3DA7 /* Recents.swift */,
				7E7B1C2A2B2B5055008D3DA7 /* Search.swift */,
				7E7B1C2C2B2B505E008D3DA7 /* Graphs.swift */,
				7E7B1C2E2B2B506B008D3DA7 /* Settings.swift */,
			);
			path = TabViews;
			sourceTree = "<group>";
		};
		7ED96ABA2B2AF327000BB6D5 = {
			isa = PBXGroup;
			children = (
				7ED96AC52B2AF327000BB6D5 /* Expense Tracker */,
				7ED96AC42B2AF327000BB6D5 /* Products */,
			);
			sourceTree = "<group>";
		};
		7ED96AC42B2AF327000BB6D5 /* Products */ = {
			isa = PBXGroup;
			children = (
				7ED96AC32B2AF327000BB6D5 /* Expense Tracker.app */,
			);
			name = Products;
			sourceTree = "<group>";
		};
		7ED96AC52B2AF327000BB6D5 /* Expense Tracker */ = {
			isa = PBXGroup;
			children = (
				7E4D8AB12B2DE5A80001113D /* Expense-Tracker-Info.plist */,
				7ED96AD82B2AF573000BB6D5 /* Helpers */,
				7ED96AD52B2AF375000BB6D5 /* View */,
				7ED96AD42B2AF367000BB6D5 /* Model */,
				7ED96AC62B2AF327000BB6D5 /* Expense_TrackerApp.swift */,
				7ED96AC82B2AF327000BB6D5 /* ContentView.swift */,
				7ED96ACA2B2AF329000BB6D5 /* Assets.xcassets */,
				7ED96ACC2B2AF329000BB6D5 /* Preview Content */,
			);
			path = "Expense Tracker";
			sourceTree = "<group>";
		};
		7ED96ACC2B2AF329000BB6D5 /* Preview Content */ = {
			isa = PBXGroup;
			children = (
				7ED96ACD2B2AF329000BB6D5 /* Preview Assets.xcassets */,
			);
			path = "Preview Content";
			sourceTree = "<group>";
		};
		7ED96AD42B2AF367000BB6D5 /* Model */ = {
			isa = PBXGroup;
			children = (
				7ED96ADB2B2AFB73000BB6D5 /* Tab.swift */,
				7ECED2592B2B438300151F1D /* Category.swift */,
				7ECED25B2B2B441400151F1D /* Transaction.swift */,
				7ECED25D2B2B450800151F1D /* TintColor.swift */,
			);
			path = Model;
			sourceTree = "<group>";
		};
		7ED96AD52B2AF375000BB6D5 /* View */ = {
			isa = PBXGroup;
			children = (
				7E0B53212B2BA93A00CEF07E /* Components */,
				7E7B1C272B2B500C008D3DA7 /* TabViews */,
				7ED96AD62B2AF39C000BB6D5 /* IntroScreen.swift */,
			);
			path = View;
			sourceTree = "<group>";
		};
		7ED96AD82B2AF573000BB6D5 /* Helpers */ = {
			isa = PBXGroup;
			children = (
				7ED96AD92B2AF580000BB6D5 /* Constants.swift */,
				7EC6B6312B2B8B0700B18BC3 /* View+Extensions.swift */,
				7EC6B6332B2BA00A00B18BC3 /* Date+Extensions.swift */,
			);
			path = Helpers;
			sourceTree = "<group>";
		};
/* End PBXGroup section */

/* Begin PBXNativeTarget section */
		7ED96AC22B2AF327000BB6D5 /* Expense Tracker */ = {
			isa = PBXNativeTarget;
			buildConfigurationList = 7ED96AD12B2AF329000BB6D5 /* Build configuration list for PBXNativeTarget "Expense Tracker" */;
			buildPhases = (
				7ED96ABF2B2AF327000BB6D5 /* Sources */,
				7ED96AC02B2AF327000BB6D5 /* Frameworks */,
				7ED96AC12B2AF327000BB6D5 /* Resources */,
			);
			buildRules = (
			);
			dependencies = (
			);
			name = "Expense Tracker";
			productName = "Expense Tracker";
			productReference = 7ED96AC32B2AF327000BB6D5 /* Expense Tracker.app */;
			productType = "com.apple.product-type.application";
		};
/* End PBXNativeTarget section */

/* Begin PBXProject section */
		7ED96ABB2B2AF327000BB6D5 /* Project object */ = {
			isa = PBXProject;
			attributes = {
				BuildIndependentTargetsInParallel = 1;
				LastSwiftUpdateCheck = 1510;
				LastUpgradeCheck = 1510;
				TargetAttributes = {
					7ED96AC22B2AF327000BB6D5 = {
						CreatedOnToolsVersion = 15.1;
					};
				};
			};
			buildConfigurationList = 7ED96ABE2B2AF327000BB6D5 /* Build configuration list for PBXProject "Expense Tracker" */;
			compatibilityVersion = "Xcode 14.0";
			developmentRegion = en;
			hasScannedForEncodings = 0;
			knownRegions = (
				en,
				Base,
			);
			mainGroup = 7ED96ABA2B2AF327000BB6D5;
			productRefGroup = 7ED96AC42B2AF327000BB6D5 /* Products */;
			projectDirPath = "";
			projectRoot = "";
			targets = (
				7ED96AC22B2AF327000BB6D5 /* Expense Tracker */,
			);
		};
/* End PBXProject section */

/* Begin PBXResourcesBuildPhase section */
		7ED96AC12B2AF327000BB6D5 /* Resources */ = {
			isa = PBXResourcesBuildPhase;
			buildActionMask = 2147483647;
			files = (
				7ED96ACE2B2AF329000BB6D5 /* Preview Assets.xcassets in Resources */,
				7ED96ACB2B2AF329000BB6D5 /* Assets.xcassets in Resources */,
			);
			runOnlyForDeploymentPostprocessing = 0;
		};
/* End PBXResourcesBuildPhase section */

/* Begin PBXSourcesBuildPhase section */
		7ED96ABF2B2AF327000BB6D5 /* Sources */ = {
			isa = PBXSourcesBuildPhase;
			buildActionMask = 2147483647;
			files = (
				7ECED25E2B2B450800151F1D /* TintColor.swift in Sources */,
				7E7B1C292B2B5035008D3DA7 /* Recents.swift in Sources */,
				7E0B53292B2BDB9000CEF07E /* DateFilterView.swift in Sources */,
				7ECED25C2B2B441400151F1D /* Transaction.swift in Sources */,
				7ED96AC92B2AF327000BB6D5 /* ContentView.swift in Sources */,
				7E0B53232B2BA94C00CEF07E /* CardView.swift in Sources */,
				7E0B53272B2BBE3500CEF07E /* SwipeAction.swift in Sources */,
				7ED96AD72B2AF39D000BB6D5 /* IntroScreen.swift in Sources */,
				7ED96ADC2B2AFB73000BB6D5 /* Tab.swift in Sources */,
				7E7B1C2F2B2B506B008D3DA7 /* Settings.swift in Sources */,
				7EC6B6322B2B8B0700B18BC3 /* View+Extensions.swift in Sources */,
				7ED96AC72B2AF327000BB6D5 /* Expense_TrackerApp.swift in Sources */,
				7EC6B6342B2BA00A00B18BC3 /* Date+Extensions.swift in Sources */,
				7E7B1C2B2B2B5055008D3DA7 /* Search.swift in Sources */,
				7E4D8AB02B2DD1340001113D /* LockView.swift in Sources */,
				7ED96ADA2B2AF580000BB6D5 /* Constants.swift in Sources */,
				7E7B1C2D2B2B505E008D3DA7 /* Graphs.swift in Sources */,
				7ECED25A2B2B438300151F1D /* Category.swift in Sources */,
				7E0B53252B2BBA5400CEF07E /* TransactionCardView.swift in Sources */,
			);
			runOnlyForDeploymentPostprocessing = 0;
		};
/* End PBXSourcesBuildPhase section */

/* Begin XCBuildConfiguration section */
		7ED96ACF2B2AF329000BB6D5 /* Debug */ = {
			isa = XCBuildConfiguration;
			buildSettings = {
				ALWAYS_SEARCH_USER_PATHS = NO;
				ASSETCATALOG_COMPILER_GENERATE_SWIFT_ASSET_SYMBOL_EXTENSIONS = YES;
				CLANG_ANALYZER_NONNULL = YES;
				CLANG_ANALYZER_NUMBER_OBJECT_CONVERSION = YES_AGGRESSIVE;
				CLANG_CXX_LANGUAGE_STANDARD = "gnu++20";
				CLANG_ENABLE_MODULES = YES;
				CLANG_ENABLE_OBJC_ARC = YES;
				CLANG_ENABLE_OBJC_WEAK = YES;
				CLANG_WARN_BLOCK_CAPTURE_AUTORELEASING = YES;
				CLANG_WARN_BOOL_CONVERSION = YES;
				CLANG_WARN_COMMA = YES;
				CLANG_WARN_CONSTANT_CONVERSION = YES;
				CLANG_WARN_DEPRECATED_OBJC_IMPLEMENTATIONS = YES;
				CLANG_WARN_DIRECT_OBJC_ISA_USAGE = YES_ERROR;
				CLANG_WARN_DOCUMENTATION_COMMENTS = YES;
				CLANG_WARN_EMPTY_BODY = YES;
				CLANG_WARN_ENUM_CONVERSION = YES;
				CLANG_WARN_INFINITE_RECURSION = YES;
				CLANG_WARN_INT_CONVERSION = YES;
				CLANG_WARN_NON_LITERAL_NULL_CONVERSION = YES;
				CLANG_WARN_OBJC_IMPLICIT_RETAIN_SELF = YES;
				CLANG_WARN_OBJC_LITERAL_CONVERSION = YES;
				CLANG_WARN_OBJC_ROOT_CLASS = YES_ERROR;
				CLANG_WARN_QUOTED_INCLUDE_IN_FRAMEWORK_HEADER = YES;
				CLANG_WARN_RANGE_LOOP_ANALYSIS = YES;
				CLANG_WARN_STRICT_PROTOTYPES = YES;
				CLANG_WARN_SUSPICIOUS_MOVE = YES;
				CLANG_WARN_UNGUARDED_AVAILABILITY = YES_AGGRESSIVE;
				CLANG_WARN_UNREACHABLE_CODE = YES;
				CLANG_WARN__DUPLICATE_METHOD_MATCH = YES;
				COPY_PHASE_STRIP = NO;
				DEBUG_INFORMATION_FORMAT = dwarf;
				ENABLE_STRICT_OBJC_MSGSEND = YES;
				ENABLE_TESTABILITY = YES;
				ENABLE_USER_SCRIPT_SANDBOXING = YES;
				GCC_C_LANGUAGE_STANDARD = gnu17;
				GCC_DYNAMIC_NO_PIC = NO;
				GCC_NO_COMMON_BLOCKS = YES;
				GCC_OPTIMIZATION_LEVEL = 0;
				GCC_PREPROCESSOR_DEFINITIONS = (
					"DEBUG=1",
					"$(inherited)",
				);
				GCC_WARN_64_TO_32_BIT_CONVERSION = YES;
				GCC_WARN_ABOUT_RETURN_TYPE = YES_ERROR;
				GCC_WARN_UNDECLARED_SELECTOR = YES;
				GCC_WARN_UNINITIALIZED_AUTOS = YES_AGGRESSIVE;
				GCC_WARN_UNUSED_FUNCTION = YES;
				GCC_WARN_UNUSED_VARIABLE = YES;
				IPHONEOS_DEPLOYMENT_TARGET = 17.2;
				LOCALIZATION_PREFERS_STRING_CATALOGS = YES;
				MTL_ENABLE_DEBUG_INFO = INCLUDE_SOURCE;
				MTL_FAST_MATH = YES;
				ONLY_ACTIVE_ARCH = YES;
				SDKROOT = iphoneos;
				SWIFT_ACTIVE_COMPILATION_CONDITIONS = "DEBUG $(inherited)";
				SWIFT_OPTIMIZATION_LEVEL = "-Onone";
			};
			name = Debug;
		};
		7ED96AD02B2AF329000BB6D5 /* Release */ = {
			isa = XCBuildConfiguration;
			buildSettings = {
				ALWAYS_SEARCH_USER_PATHS = NO;
				ASSETCATALOG_COMPILER_GENERATE_SWIFT_ASSET_SYMBOL_EXTENSIONS = YES;
				CLANG_ANALYZER_NONNULL = YES;
				CLANG_ANALYZER_NUMBER_OBJECT_CONVERSION = YES_AGGRESSIVE;
				CLANG_CXX_LANGUAGE_STANDARD = "gnu++20";
				CLANG_ENABLE_MODULES = YES;
				CLANG_ENABLE_OBJC_ARC = YES;
				CLANG_ENABLE_OBJC_WEAK = YES;
				CLANG_WARN_BLOCK_CAPTURE_AUTORELEASING = YES;
				CLANG_WARN_BOOL_CONVERSION = YES;
				CLANG_WARN_COMMA = YES;
				CLANG_WARN_CONSTANT_CONVERSION = YES;
				CLANG_WARN_DEPRECATED_OBJC_IMPLEMENTATIONS = YES;
				CLANG_WARN_DIRECT_OBJC_ISA_USAGE = YES_ERROR;
				CLANG_WARN_DOCUMENTATION_COMMENTS = YES;
				CLANG_WARN_EMPTY_BODY = YES;
				CLANG_WARN_ENUM_CONVERSION = YES;
				CLANG_WARN_INFINITE_RECURSION = YES;
				CLANG_WARN_INT_CONVERSION = YES;
				CLANG_WARN_NON_LITERAL_NULL_CONVERSION = YES;
				CLANG_WARN_OBJC_IMPLICIT_RETAIN_SELF = YES;
				CLANG_WARN_OBJC_LITERAL_CONVERSION = YES;
				CLANG_WARN_OBJC_ROOT_CLASS = YES_ERROR;
				CLANG_WARN_QUOTED_INCLUDE_IN_FRAMEWORK_HEADER = YES;
				CLANG_WARN_RANGE_LOOP_ANALYSIS = YES;
				CLANG_WARN_STRICT_PROTOTYPES = YES;
				CLANG_WARN_SUSPICIOUS_MOVE = YES;
				CLANG_WARN_UNGUARDED_AVAILABILITY = YES_AGGRESSIVE;
				CLANG_WARN_UNREACHABLE_CODE = YES;
				CLANG_WARN__DUPLICATE_METHOD_MATCH = YES;
				COPY_PHASE_STRIP = NO;
				DEBUG_INFORMATION_FORMAT = "dwarf-with-dsym";
				ENABLE_NS_ASSERTIONS = NO;
				ENABLE_STRICT_OBJC_MSGSEND = YES;
				ENABLE_USER_SCRIPT_SANDBOXING = YES;
				GCC_C_LANGUAGE_STANDARD = gnu17;
				GCC_NO_COMMON_BLOCKS = YES;
				GCC_WARN_64_TO_32_BIT_CONVERSION = YES;
				GCC_WARN_ABOUT_RETURN_TYPE = YES_ERROR;
				GCC_WARN_UNDECLARED_SELECTOR = YES;
				GCC_WARN_UNINITIALIZED_AUTOS = YES_AGGRESSIVE;
				GCC_WARN_UNUSED_FUNCTION = YES;
				GCC_WARN_UNUSED_VARIABLE = YES;
				IPHONEOS_DEPLOYMENT_TARGET = 17.2;
				LOCALIZATION_PREFERS_STRING_CATALOGS = YES;
				MTL_ENABLE_DEBUG_INFO = NO;
				MTL_FAST_MATH = YES;
				SDKROOT = iphoneos;
				SWIFT_COMPILATION_MODE = wholemodule;
				VALIDATE_PRODUCT = YES;
			};
			name = Release;
		};
		7ED96AD22B2AF329000BB6D5 /* Debug */ = {
			isa = XCBuildConfiguration;
			buildSettings = {
				ASSETCATALOG_COMPILER_APPICON_NAME = AppIcon;
				ASSETCATALOG_COMPILER_GLOBAL_ACCENT_COLOR_NAME = AccentColor;
				CODE_SIGN_STYLE = Automatic;
				CURRENT_PROJECT_VERSION = 1;
				DEVELOPMENT_ASSET_PATHS = "\"Expense Tracker/Preview Content\"";
				DEVELOPMENT_TEAM = K9Q3UG34P4;
				ENABLE_PREVIEWS = YES;
				GENERATE_INFOPLIST_FILE = YES;
				INFOPLIST_FILE = "Expense-Tracker-Info.plist";
				INFOPLIST_KEY_NSFaceIDUsageDescription = DESCRIPTION;
				INFOPLIST_KEY_UIApplicationSceneManifest_Generation = YES;
				INFOPLIST_KEY_UIApplicationSupportsIndirectInputEvents = YES;
				INFOPLIST_KEY_UILaunchScreen_Generation = YES;
				INFOPLIST_KEY_UISupportedInterfaceOrientations_iPad = "UIInterfaceOrientationPortrait UIInterfaceOrientationPortraitUpsideDown UIInterfaceOrientationLandscapeLeft UIInterfaceOrientationLandscapeRight";
				INFOPLIST_KEY_UISupportedInterfaceOrientations_iPhone = "UIInterfaceOrientationPortrait UIInterfaceOrientationLandscapeLeft UIInterfaceOrientationLandscapeRight";
				LD_RUNPATH_SEARCH_PATHS = (
					"$(inherited)",
					"@executable_path/Frameworks",
				);
				MARKETING_VERSION = 1.0;
				PRODUCT_BUNDLE_IDENTIFIER = "manuchim.Expense-Tracker";
				PRODUCT_NAME = "$(TARGET_NAME)";
				SWIFT_EMIT_LOC_STRINGS = YES;
				SWIFT_VERSION = 5.0;
				TARGETED_DEVICE_FAMILY = "1,2";
			};
			name = Debug;
		};
		7ED96AD32B2AF329000BB6D5 /* Release */ = {
			isa = XCBuildConfiguration;
			buildSettings = {
				ASSETCATALOG_COMPILER_APPICON_NAME = AppIcon;
				ASSETCATALOG_COMPILER_GLOBAL_ACCENT_COLOR_NAME = AccentColor;
				CODE_SIGN_STYLE = Automatic;
				CURRENT_PROJECT_VERSION = 1;
				DEVELOPMENT_ASSET_PATHS = "\"Expense Tracker/Preview Content\"";
				DEVELOPMENT_TEAM = K9Q3UG34P4;
				ENABLE_PREVIEWS = YES;
				GENERATE_INFOPLIST_FILE = YES;
				INFOPLIST_FILE = "Expense-Tracker-Info.plist";
				INFOPLIST_KEY_NSFaceIDUsageDescription = DESCRIPTION;
				INFOPLIST_KEY_UIApplicationSceneManifest_Generation = YES;
				INFOPLIST_KEY_UIApplicationSupportsIndirectInputEvents = YES;
				INFOPLIST_KEY_UILaunchScreen_Generation = YES;
				INFOPLIST_KEY_UISupportedInterfaceOrientations_iPad = "UIInterfaceOrientationPortrait UIInterfaceOrientationPortraitUpsideDown UIInterfaceOrientationLandscapeLeft UIInterfaceOrientationLandscapeRight";
				INFOPLIST_KEY_UISupportedInterfaceOrientations_iPhone = "UIInterfaceOrientationPortrait UIInterfaceOrientationLandscapeLeft UIInterfaceOrientationLandscapeRight";
				LD_RUNPATH_SEARCH_PATHS = (
					"$(inherited)",
					"@executable_path/Frameworks",
				);
				MARKETING_VERSION = 1.0;
				PRODUCT_BUNDLE_IDENTIFIER = "manuchim.Expense-Tracker";
				PRODUCT_NAME = "$(TARGET_NAME)";
				SWIFT_EMIT_LOC_STRINGS = YES;
				SWIFT_VERSION = 5.0;
				TARGETED_DEVICE_FAMILY = "1,2";
			};
			name = Release;
		};
/* End XCBuildConfiguration section */

/* Begin XCConfigurationList section */
		7ED96ABE2B2AF327000BB6D5 /* Build configuration list for PBXProject "Expense Tracker" */ = {
			isa = XCConfigurationList;
			buildConfigurations = (
				7ED96ACF2B2AF329000BB6D5 /* Debug */,
				7ED96AD02B2AF329000BB6D5 /* Release */,
			);
			defaultConfigurationIsVisible = 0;
			defaultConfigurationName = Release;
		};
		7ED96AD12B2AF329000BB6D5 /* Build configuration list for PBXNativeTarget "Expense Tracker" */ = {
			isa = XCConfigurationList;
			buildConfigurations = (
				7ED96AD22B2AF329000BB6D5 /* Debug */,
				7ED96AD32B2AF329000BB6D5 /* Release */,
			);
			defaultConfigurationIsVisible = 0;
			defaultConfigurationName = Release;
		};
/* End XCConfigurationList section */
	};
	rootObject = 7ED96ABB2B2AF327000BB6D5 /* Project object */;
}
